// !$*UTF8*$!
{
	archiveVersion = 1;
	classes = {
	};
	objectVersion = 56;
	objects = {

/* Begin PBXBuildFile section */
		423D5AC32B8B367F003ACF81 /* WeatherAppApp.swift in Sources */ = {isa = PBXBuildFile; fileRef = 423D5AC22B8B367F003ACF81 /* WeatherAppApp.swift */; };
		423D5AC52B8B367F003ACF81 /* ContentView.swift in Sources */ = {isa = PBXBuildFile; fileRef = 423D5AC42B8B367F003ACF81 /* ContentView.swift */; };
		423D5AC72B8B3680003ACF81 /* Assets.xcassets in Resources */ = {isa = PBXBuildFile; fileRef = 423D5AC62B8B3680003ACF81 /* Assets.xcassets */; };
		423D5ACA2B8B3680003ACF81 /* Preview Assets.xcassets in Resources */ = {isa = PBXBuildFile; fileRef = 423D5AC92B8B3680003ACF81 /* Preview Assets.xcassets */; };
		423D5AD42B8B3681003ACF81 /* WeatherAppTests.swift in Sources */ = {isa = PBXBuildFile; fileRef = 423D5AD32B8B3681003ACF81 /* WeatherAppTests.swift */; };
		423D5ADE2B8B3681003ACF81 /* WeatherAppUITests.swift in Sources */ = {isa = PBXBuildFile; fileRef = 423D5ADD2B8B3681003ACF81 /* WeatherAppUITests.swift */; };
		423D5AE02B8B3681003ACF81 /* WeatherAppUITestsLaunchTests.swift in Sources */ = {isa = PBXBuildFile; fileRef = 423D5ADF2B8B3681003ACF81 /* WeatherAppUITestsLaunchTests.swift */; };
		42773DC62B95C64D004F74A7 /* locationmanager.swift in Sources */ = {isa = PBXBuildFile; fileRef = 42773DC52B95C64C004F74A7 /* locationmanager.swift */; };
		42773DC82B95CC2E004F74A7 /* WelcomeView.swift in Sources */ = {isa = PBXBuildFile; fileRef = 42773DC72B95CC2D004F74A7 /* WelcomeView.swift */; };
		42773DCA2B95D3EB004F74A7 /* LoadingView.swift in Sources */ = {isa = PBXBuildFile; fileRef = 42773DC92B95D3EB004F74A7 /* LoadingView.swift */; };
		42773DCC2B95E0D3004F74A7 /* WeatherManager.swift in Sources */ = {isa = PBXBuildFile; fileRef = 42773DCB2B95E0D3004F74A7 /* WeatherManager.swift */; };
		42773DD02B95F2F8004F74A7 /* test.swift in Sources */ = {isa = PBXBuildFile; fileRef = 42773DCF2B95F2F8004F74A7 /* test.swift */; };
		42773DD22B95F345004F74A7 /* posts.swift in Sources */ = {isa = PBXBuildFile; fileRef = 42773DD12B95F345004F74A7 /* posts.swift */; };
		42773DD42B961FB7004F74A7 /* model.swift in Sources */ = {isa = PBXBuildFile; fileRef = 42773DD32B961FB6004F74A7 /* model.swift */; };
		42773DD62B961FE6004F74A7 /* weatherData.json in Resources */ = {isa = PBXBuildFile; fileRef = 42773DD52B961FE6004F74A7 /* weatherData.json */; };
		42773DDB2B96229F004F74A7 /* WeatherRow.swift in Sources */ = {isa = PBXBuildFile; fileRef = 42773DDA2B96229F004F74A7 /* WeatherRow.swift */; };
		42773DDD2B96E19A004F74A7 /* Extensions.swift in Sources */ = {isa = PBXBuildFile; fileRef = 42773DDC2B96E19A004F74A7 /* Extensions.swift */; };
		42773DDF2B96E2EB004F74A7 /* WeatherView.swift in Sources */ = {isa = PBXBuildFile; fileRef = 42773DDE2B96E2EB004F74A7 /* WeatherView.swift */; };
/* End PBXBuildFile section */

/* Begin PBXContainerItemProxy section */
		423D5AD02B8B3681003ACF81 /* PBXContainerItemProxy */ = {
			isa = PBXContainerItemProxy;
			containerPortal = 423D5AB72B8B367F003ACF81 /* Project object */;
			proxyType = 1;
			remoteGlobalIDString = 423D5ABE2B8B367F003ACF81;
			remoteInfo = WeatherApp;
		};
		423D5ADA2B8B3681003ACF81 /* PBXContainerItemProxy */ = {
			isa = PBXContainerItemProxy;
			containerPortal = 423D5AB72B8B367F003ACF81 /* Project object */;
			proxyType = 1;
			remoteGlobalIDString = 423D5ABE2B8B367F003ACF81;
			remoteInfo = WeatherApp;
		};
/* End PBXContainerItemProxy section */

/* Begin PBXFileReference section */
		423D5ABF2B8B367F003ACF81 /* WeatherApp.app */ = {isa = PBXFileReference; explicitFileType = wrapper.application; includeInIndex = 0; path = WeatherApp.app; sourceTree = BUILT_PRODUCTS_DIR; };
		423D5AC22B8B367F003ACF81 /* WeatherAppApp.swift */ = {isa = PBXFileReference; lastKnownFileType = sourcecode.swift; path = WeatherAppApp.swift; sourceTree = "<group>"; };
		423D5AC42B8B367F003ACF81 /* ContentView.swift */ = {isa = PBXFileReference; lastKnownFileType = sourcecode.swift; path = ContentView.swift; sourceTree = "<group>"; };
		423D5AC62B8B3680003ACF81 /* Assets.xcassets */ = {isa = PBXFileReference; lastKnownFileType = folder.assetcatalog; path = Assets.xcassets; sourceTree = "<group>"; };
		423D5AC92B8B3680003ACF81 /* Preview Assets.xcassets */ = {isa = PBXFileReference; lastKnownFileType = folder.assetcatalog; path = "Preview Assets.xcassets"; sourceTree = "<group>"; };
		423D5ACF2B8B3681003ACF81 /* WeatherAppTests.xctest */ = {isa = PBXFileReference; explicitFileType = wrapper.cfbundle; includeInIndex = 0; path = WeatherAppTests.xctest; sourceTree = BUILT_PRODUCTS_DIR; };
		423D5AD32B8B3681003ACF81 /* WeatherAppTests.swift */ = {isa = PBXFileReference; lastKnownFileType = sourcecode.swift; path = WeatherAppTests.swift; sourceTree = "<group>"; };
		423D5AD92B8B3681003ACF81 /* WeatherAppUITests.xctest */ = {isa = PBXFileReference; explicitFileType = wrapper.cfbundle; includeInIndex = 0; path = WeatherAppUITests.xctest; sourceTree = BUILT_PRODUCTS_DIR; };
		423D5ADD2B8B3681003ACF81 /* WeatherAppUITests.swift */ = {isa = PBXFileReference; lastKnownFileType = sourcecode.swift; path = WeatherAppUITests.swift; sourceTree = "<group>"; };
		423D5ADF2B8B3681003ACF81 /* WeatherAppUITestsLaunchTests.swift */ = {isa = PBXFileReference; lastKnownFileType = sourcecode.swift; path = WeatherAppUITestsLaunchTests.swift; sourceTree = "<group>"; };
		42773DC52B95C64C004F74A7 /* locationmanager.swift */ = {isa = PBXFileReference; lastKnownFileType = sourcecode.swift; path = locationmanager.swift; sourceTree = "<group>"; };
		42773DC72B95CC2D004F74A7 /* WelcomeView.swift */ = {isa = PBXFileReference; lastKnownFileType = sourcecode.swift; path = WelcomeView.swift; sourceTree = "<group>"; };
		42773DC92B95D3EB004F74A7 /* LoadingView.swift */ = {isa = PBXFileReference; lastKnownFileType = sourcecode.swift; path = LoadingView.swift; sourceTree = "<group>"; };
		42773DCB2B95E0D3004F74A7 /* WeatherManager.swift */ = {isa = PBXFileReference; lastKnownFileType = sourcecode.swift; path = WeatherManager.swift; sourceTree = "<group>"; };
		42773DCF2B95F2F8004F74A7 /* test.swift */ = {isa = PBXFileReference; lastKnownFileType = sourcecode.swift; path = test.swift; sourceTree = "<group>"; };
		42773DD12B95F345004F74A7 /* posts.swift */ = {isa = PBXFileReference; lastKnownFileType = sourcecode.swift; path = posts.swift; sourceTree = "<group>"; };
		42773DD32B961FB6004F74A7 /* model.swift */ = {isa = PBXFileReference; lastKnownFileType = sourcecode.swift; path = model.swift; sourceTree = "<group>"; };
		42773DD52B961FE6004F74A7 /* weatherData.json */ = {isa = PBXFileReference; lastKnownFileType = text.json; path = weatherData.json; sourceTree = "<group>"; };
		42773DDA2B96229F004F74A7 /* WeatherRow.swift */ = {isa = PBXFileReference; lastKnownFileType = sourcecode.swift; path = WeatherRow.swift; sourceTree = "<group>"; };
		42773DDC2B96E19A004F74A7 /* Extensions.swift */ = {isa = PBXFileReference; lastKnownFileType = sourcecode.swift; path = Extensions.swift; sourceTree = "<group>"; };
		42773DDE2B96E2EB004F74A7 /* WeatherView.swift */ = {isa = PBXFileReference; lastKnownFileType = sourcecode.swift; path = WeatherView.swift; sourceTree = "<group>"; };
/* End PBXFileReference section */

/* Begin PBXFrameworksBuildPhase section */
		423D5ABC2B8B367F003ACF81 /* Frameworks */ = {
			isa = PBXFrameworksBuildPhase;
			buildActionMask = 2147483647;
			files = (
			);
			runOnlyForDeploymentPostprocessing = 0;
		};
		423D5ACC2B8B3681003ACF81 /* Frameworks */ = {
			isa = PBXFrameworksBuildPhase;
			buildActionMask = 2147483647;
			files = (
			);
			runOnlyForDeploymentPostprocessing = 0;
		};
		423D5AD62B8B3681003ACF81 /* Frameworks */ = {
			isa = PBXFrameworksBuildPhase;
			buildActionMask = 2147483647;
			files = (
			);
			runOnlyForDeploymentPostprocessing = 0;
		};
/* End PBXFrameworksBuildPhase section */

/* Begin PBXGroup section */
		423D5AB62B8B367F003ACF81 = {
			isa = PBXGroup;
			children = (
				423D5AC12B8B367F003ACF81 /* WeatherApp */,
				423D5AD22B8B3681003ACF81 /* WeatherAppTests */,
				423D5ADC2B8B3681003ACF81 /* WeatherAppUITests */,
				423D5AC02B8B367F003ACF81 /* Products */,
			);
			sourceTree = "<group>";
		};
		423D5AC02B8B367F003ACF81 /* Products */ = {
			isa = PBXGroup;
			children = (
				423D5ABF2B8B367F003ACF81 /* WeatherApp.app */,
				423D5ACF2B8B3681003ACF81 /* WeatherAppTests.xctest */,
				423D5AD92B8B3681003ACF81 /* WeatherAppUITests.xctest */,
			);
			name = Products;
			sourceTree = "<group>";
		};
		423D5AC12B8B367F003ACF81 /* WeatherApp */ = {
			isa = PBXGroup;
			children = (
				42773DD92B96227D004F74A7 /* components */,
				42773DC42B95C63B004F74A7 /* managers */,
				423D5AEE2B8B3E6A003ACF81 /* View */,
				423D5AED2B8B3E5E003ACF81 /* ViewModel */,
				423D5AC22B8B367F003ACF81 /* WeatherAppApp.swift */,
				423D5AC62B8B3680003ACF81 /* Assets.xcassets */,
				423D5AC82B8B3680003ACF81 /* Preview Content */,
				42773DCF2B95F2F8004F74A7 /* test.swift */,
				42773DDC2B96E19A004F74A7 /* Extensions.swift */,
			);
			path = WeatherApp;
			sourceTree = "<group>";
		};
		423D5AC82B8B3680003ACF81 /* Preview Content */ = {
			isa = PBXGroup;
			children = (
				423D5AC92B8B3680003ACF81 /* Preview Assets.xcassets */,
				42773DD32B961FB6004F74A7 /* model.swift */,
				42773DD52B961FE6004F74A7 /* weatherData.json */,
			);
			path = "Preview Content";
			sourceTree = "<group>";
		};
		423D5AD22B8B3681003ACF81 /* WeatherAppTests */ = {
			isa = PBXGroup;
			children = (
				423D5AD32B8B3681003ACF81 /* WeatherAppTests.swift */,
			);
			path = WeatherAppTests;
			sourceTree = "<group>";
		};
		423D5ADC2B8B3681003ACF81 /* WeatherAppUITests */ = {
			isa = PBXGroup;
			children = (
				423D5ADD2B8B3681003ACF81 /* WeatherAppUITests.swift */,
				423D5ADF2B8B3681003ACF81 /* WeatherAppUITestsLaunchTests.swift */,
			);
			path = WeatherAppUITests;
			sourceTree = "<group>";
		};
		423D5AED2B8B3E5E003ACF81 /* ViewModel */ = {
			isa = PBXGroup;
			children = (
			);
			path = ViewModel;
			sourceTree = "<group>";
		};
		423D5AEE2B8B3E6A003ACF81 /* View */ = {
			isa = PBXGroup;
			children = (
				423D5AC42B8B367F003ACF81 /* ContentView.swift */,
				42773DC72B95CC2D004F74A7 /* WelcomeView.swift */,
				42773DC92B95D3EB004F74A7 /* LoadingView.swift */,
				42773DDE2B96E2EB004F74A7 /* WeatherView.swift */,
			);
			path = View;
			sourceTree = "<group>";
		};
		42773DC42B95C63B004F74A7 /* managers */ = {
			isa = PBXGroup;
			children = (
				42773DC52B95C64C004F74A7 /* locationmanager.swift */,
				42773DCB2B95E0D3004F74A7 /* WeatherManager.swift */,
				42773DD12B95F345004F74A7 /* posts.swift */,
			);
			path = managers;
			sourceTree = "<group>";
		};
		42773DD92B96227D004F74A7 /* components */ = {
			isa = PBXGroup;
			children = (
				42773DDA2B96229F004F74A7 /* WeatherRow.swift */,
			);
			path = components;
			sourceTree = "<group>";
		};
/* End PBXGroup section */

/* Begin PBXNativeTarget section */
		423D5ABE2B8B367F003ACF81 /* WeatherApp */ = {
			isa = PBXNativeTarget;
			buildConfigurationList = 423D5AE32B8B3681003ACF81 /* Build configuration list for PBXNativeTarget "WeatherApp" */;
			buildPhases = (
				423D5ABB2B8B367F003ACF81 /* Sources */,
				423D5ABC2B8B367F003ACF81 /* Frameworks */,
				423D5ABD2B8B367F003ACF81 /* Resources */,
			);
			buildRules = (
			);
			dependencies = (
			);
			name = WeatherApp;
			productName = WeatherApp;
			productReference = 423D5ABF2B8B367F003ACF81 /* WeatherApp.app */;
			productType = "com.apple.product-type.application";
		};
		423D5ACE2B8B3681003ACF81 /* WeatherAppTests */ = {
			isa = PBXNativeTarget;
			buildConfigurationList = 423D5AE62B8B3681003ACF81 /* Build configuration list for PBXNativeTarget "WeatherAppTests" */;
			buildPhases = (
				423D5ACB2B8B3681003ACF81 /* Sources */,
				423D5ACC2B8B3681003ACF81 /* Frameworks */,
				423D5ACD2B8B3681003ACF81 /* Resources */,
			);
			buildRules = (
			);
			dependencies = (
				423D5AD12B8B3681003ACF81 /* PBXTargetDependency */,
			);
			name = WeatherAppTests;
			productName = WeatherAppTests;
			productReference = 423D5ACF2B8B3681003ACF81 /* WeatherAppTests.xctest */;
			productType = "com.apple.product-type.bundle.unit-test";
		};
		423D5AD82B8B3681003ACF81 /* WeatherAppUITests */ = {
			isa = PBXNativeTarget;
			buildConfigurationList = 423D5AE92B8B3681003ACF81 /* Build configuration list for PBXNativeTarget "WeatherAppUITests" */;
			buildPhases = (
				423D5AD52B8B3681003ACF81 /* Sources */,
				423D5AD62B8B3681003ACF81 /* Frameworks */,
				423D5AD72B8B3681003ACF81 /* Resources */,
			);
			buildRules = (
			);
			dependencies = (
				423D5ADB2B8B3681003ACF81 /* PBXTargetDependency */,
			);
			name = WeatherAppUITests;
			productName = WeatherAppUITests;
			productReference = 423D5AD92B8B3681003ACF81 /* WeatherAppUITests.xctest */;
			productType = "com.apple.product-type.bundle.ui-testing";
		};
/* End PBXNativeTarget section */

/* Begin PBXProject section */
		423D5AB72B8B367F003ACF81 /* Project object */ = {
			isa = PBXProject;
			attributes = {
				BuildIndependentTargetsInParallel = 1;
				LastSwiftUpdateCheck = 1520;
				LastUpgradeCheck = 1520;
				TargetAttributes = {
					423D5ABE2B8B367F003ACF81 = {
						CreatedOnToolsVersion = 15.2;
					};
					423D5ACE2B8B3681003ACF81 = {
						CreatedOnToolsVersion = 15.2;
						TestTargetID = 423D5ABE2B8B367F003ACF81;
					};
					423D5AD82B8B3681003ACF81 = {
						CreatedOnToolsVersion = 15.2;
						TestTargetID = 423D5ABE2B8B367F003ACF81;
					};
				};
			};
			buildConfigurationList = 423D5ABA2B8B367F003ACF81 /* Build configuration list for PBXProject "WeatherApp" */;
			compatibilityVersion = "Xcode 14.0";
			developmentRegion = en;
			hasScannedForEncodings = 0;
			knownRegions = (
				en,
				Base,
			);
			mainGroup = 423D5AB62B8B367F003ACF81;
			productRefGroup = 423D5AC02B8B367F003ACF81 /* Products */;
			projectDirPath = "";
			projectRoot = "";
			targets = (
				423D5ABE2B8B367F003ACF81 /* WeatherApp */,
				423D5ACE2B8B3681003ACF81 /* WeatherAppTests */,
				423D5AD82B8B3681003ACF81 /* WeatherAppUITests */,
			);
		};
/* End PBXProject section */

/* Begin PBXResourcesBuildPhase section */
		423D5ABD2B8B367F003ACF81 /* Resources */ = {
			isa = PBXResourcesBuildPhase;
			buildActionMask = 2147483647;
			files = (
				423D5ACA2B8B3680003ACF81 /* Preview Assets.xcassets in Resources */,
				42773DD62B961FE6004F74A7 /* weatherData.json in Resources */,
				423D5AC72B8B3680003ACF81 /* Assets.xcassets in Resources */,
			);
			runOnlyForDeploymentPostprocessing = 0;
		};
		423D5ACD2B8B3681003ACF81 /* Resources */ = {
			isa = PBXResourcesBuildPhase;
			buildActionMask = 2147483647;
			files = (
			);
			runOnlyForDeploymentPostprocessing = 0;
		};
		423D5AD72B8B3681003ACF81 /* Resources */ = {
			isa = PBXResourcesBuildPhase;
			buildActionMask = 2147483647;
			files = (
			);
			runOnlyForDeploymentPostprocessing = 0;
		};
/* End PBXResourcesBuildPhase section */

/* Begin PBXSourcesBuildPhase section */
		423D5ABB2B8B367F003ACF81 /* Sources */ = {
			isa = PBXSourcesBuildPhase;
			buildActionMask = 2147483647;
			files = (
				423D5AC52B8B367F003ACF81 /* ContentView.swift in Sources */,
				42773DD02B95F2F8004F74A7 /* test.swift in Sources */,
				42773DC62B95C64D004F74A7 /* locationmanager.swift in Sources */,
				42773DDF2B96E2EB004F74A7 /* WeatherView.swift in Sources */,
				42773DDB2B96229F004F74A7 /* WeatherRow.swift in Sources */,
				42773DCC2B95E0D3004F74A7 /* WeatherManager.swift in Sources */,
				42773DD22B95F345004F74A7 /* posts.swift in Sources */,
				42773DD42B961FB7004F74A7 /* model.swift in Sources */,
				42773DC82B95CC2E004F74A7 /* WelcomeView.swift in Sources */,
				423D5AC32B8B367F003ACF81 /* WeatherAppApp.swift in Sources */,
				42773DDD2B96E19A004F74A7 /* Extensions.swift in Sources */,
				42773DCA2B95D3EB004F74A7 /* LoadingView.swift in Sources */,
			);
			runOnlyForDeploymentPostprocessing = 0;
		};
		423D5ACB2B8B3681003ACF81 /* Sources */ = {
			isa = PBXSourcesBuildPhase;
			buildActionMask = 2147483647;
			files = (
				423D5AD42B8B3681003ACF81 /* WeatherAppTests.swift in Sources */,
			);
			runOnlyForDeploymentPostprocessing = 0;
		};
		423D5AD52B8B3681003ACF81 /* Sources */ = {
			isa = PBXSourcesBuildPhase;
			buildActionMask = 2147483647;
			files = (
				423D5ADE2B8B3681003ACF81 /* WeatherAppUITests.swift in Sources */,
				423D5AE02B8B3681003ACF81 /* WeatherAppUITestsLaunchTests.swift in Sources */,
			);
			runOnlyForDeploymentPostprocessing = 0;
		};
/* End PBXSourcesBuildPhase section */

/* Begin PBXTargetDependency section */
		423D5AD12B8B3681003ACF81 /* PBXTargetDependency */ = {
			isa = PBXTargetDependency;
			target = 423D5ABE2B8B367F003ACF81 /* WeatherApp */;
			targetProxy = 423D5AD02B8B3681003ACF81 /* PBXContainerItemProxy */;
		};
		423D5ADB2B8B3681003ACF81 /* PBXTargetDependency */ = {
			isa = PBXTargetDependency;
			target = 423D5ABE2B8B367F003ACF81 /* WeatherApp */;
			targetProxy = 423D5ADA2B8B3681003ACF81 /* PBXContainerItemProxy */;
		};
/* End PBXTargetDependency section */

/* Begin XCBuildConfiguration section */
		423D5AE12B8B3681003ACF81 /* Debug */ = {
			isa = XCBuildConfiguration;
			buildSettings = {
				ALWAYS_SEARCH_USER_PATHS = NO;
				ASSETCATALOG_COMPILER_GENERATE_SWIFT_ASSET_SYMBOL_EXTENSIONS = YES;
				CLANG_ANALYZER_NONNULL = YES;
				CLANG_ANALYZER_NUMBER_OBJECT_CONVERSION = YES_AGGRESSIVE;
				CLANG_CXX_LANGUAGE_STANDARD = "gnu++20";
				CLANG_ENABLE_MODULES = YES;
				CLANG_ENABLE_OBJC_ARC = YES;
				CLANG_ENABLE_OBJC_WEAK = YES;
				CLANG_WARN_BLOCK_CAPTURE_AUTORELEASING = YES;
				CLANG_WARN_BOOL_CONVERSION = YES;
				CLANG_WARN_COMMA = YES;
				CLANG_WARN_CONSTANT_CONVERSION = YES;
				CLANG_WARN_DEPRECATED_OBJC_IMPLEMENTATIONS = YES;
				CLANG_WARN_DIRECT_OBJC_ISA_USAGE = YES_ERROR;
				CLANG_WARN_DOCUMENTATION_COMMENTS = YES;
				CLANG_WARN_EMPTY_BODY = YES;
				CLANG_WARN_ENUM_CONVERSION = YES;
				CLANG_WARN_INFINITE_RECURSION = YES;
				CLANG_WARN_INT_CONVERSION = YES;
				CLANG_WARN_NON_LITERAL_NULL_CONVERSION = YES;
				CLANG_WARN_OBJC_IMPLICIT_RETAIN_SELF = YES;
				CLANG_WARN_OBJC_LITERAL_CONVERSION = YES;
				CLANG_WARN_OBJC_ROOT_CLASS = YES_ERROR;
				CLANG_WARN_QUOTED_INCLUDE_IN_FRAMEWORK_HEADER = YES;
				CLANG_WARN_RANGE_LOOP_ANALYSIS = YES;
				CLANG_WARN_STRICT_PROTOTYPES = YES;
				CLANG_WARN_SUSPICIOUS_MOVE = YES;
				CLANG_WARN_UNGUARDED_AVAILABILITY = YES_AGGRESSIVE;
				CLANG_WARN_UNREACHABLE_CODE = YES;
				CLANG_WARN__DUPLICATE_METHOD_MATCH = YES;
				COPY_PHASE_STRIP = NO;
				DEBUG_INFORMATION_FORMAT = dwarf;
				ENABLE_STRICT_OBJC_MSGSEND = YES;
				ENABLE_TESTABILITY = YES;
				ENABLE_USER_SCRIPT_SANDBOXING = YES;
				GCC_C_LANGUAGE_STANDARD = gnu17;
				GCC_DYNAMIC_NO_PIC = NO;
				GCC_NO_COMMON_BLOCKS = YES;
				GCC_OPTIMIZATION_LEVEL = 0;
				GCC_PREPROCESSOR_DEFINITIONS = (
					"DEBUG=1",
					"$(inherited)",
				);
				GCC_WARN_64_TO_32_BIT_CONVERSION = YES;
				GCC_WARN_ABOUT_RETURN_TYPE = YES_ERROR;
				GCC_WARN_UNDECLARED_SELECTOR = YES;
				GCC_WARN_UNINITIALIZED_AUTOS = YES_AGGRESSIVE;
				GCC_WARN_UNUSED_FUNCTION = YES;
				GCC_WARN_UNUSED_VARIABLE = YES;
				IPHONEOS_DEPLOYMENT_TARGET = 17.2;
				LOCALIZATION_PREFERS_STRING_CATALOGS = YES;
				MTL_ENABLE_DEBUG_INFO = INCLUDE_SOURCE;
				MTL_FAST_MATH = YES;
				ONLY_ACTIVE_ARCH = YES;
				SDKROOT = iphoneos;
				SWIFT_ACTIVE_COMPILATION_CONDITIONS = "DEBUG $(inherited)";
				SWIFT_OPTIMIZATION_LEVEL = "-Onone";
			};
			name = Debug;
		};
		423D5AE22B8B3681003ACF81 /* Release */ = {
			isa = XCBuildConfiguration;
			buildSettings = {
				ALWAYS_SEARCH_USER_PATHS = NO;
				ASSETCATALOG_COMPILER_GENERATE_SWIFT_ASSET_SYMBOL_EXTENSIONS = YES;
				CLANG_ANALYZER_NONNULL = YES;
				CLANG_ANALYZER_NUMBER_OBJECT_CONVERSION = YES_AGGRESSIVE;
				CLANG_CXX_LANGUAGE_STANDARD = "gnu++20";
				CLANG_ENABLE_MODULES = YES;
				CLANG_ENABLE_OBJC_ARC = YES;
				CLANG_ENABLE_OBJC_WEAK = YES;
				CLANG_WARN_BLOCK_CAPTURE_AUTORELEASING = YES;
				CLANG_WARN_BOOL_CONVERSION = YES;
				CLANG_WARN_COMMA = YES;
				CLANG_WARN_CONSTANT_CONVERSION = YES;
				CLANG_WARN_DEPRECATED_OBJC_IMPLEMENTATIONS = YES;
				CLANG_WARN_DIRECT_OBJC_ISA_USAGE = YES_ERROR;
				CLANG_WARN_DOCUMENTATION_COMMENTS = YES;
				CLANG_WARN_EMPTY_BODY = YES;
				CLANG_WARN_ENUM_CONVERSION = YES;
				CLANG_WARN_INFINITE_RECURSION = YES;
				CLANG_WARN_INT_CONVERSION = YES;
				CLANG_WARN_NON_LITERAL_NULL_CONVERSION = YES;
				CLANG_WARN_OBJC_IMPLICIT_RETAIN_SELF = YES;
				CLANG_WARN_OBJC_LITERAL_CONVERSION = YES;
				CLANG_WARN_OBJC_ROOT_CLASS = YES_ERROR;
				CLANG_WARN_QUOTED_INCLUDE_IN_FRAMEWORK_HEADER = YES;
				CLANG_WARN_RANGE_LOOP_ANALYSIS = YES;
				CLANG_WARN_STRICT_PROTOTYPES = YES;
				CLANG_WARN_SUSPICIOUS_MOVE = YES;
				CLANG_WARN_UNGUARDED_AVAILABILITY = YES_AGGRESSIVE;
				CLANG_WARN_UNREACHABLE_CODE = YES;
				CLANG_WARN__DUPLICATE_METHOD_MATCH = YES;
				COPY_PHASE_STRIP = NO;
				DEBUG_INFORMATION_FORMAT = "dwarf-with-dsym";
				ENABLE_NS_ASSERTIONS = NO;
				ENABLE_STRICT_OBJC_MSGSEND = YES;
				ENABLE_USER_SCRIPT_SANDBOXING = YES;
				GCC_C_LANGUAGE_STANDARD = gnu17;
				GCC_NO_COMMON_BLOCKS = YES;
				GCC_WARN_64_TO_32_BIT_CONVERSION = YES;
				GCC_WARN_ABOUT_RETURN_TYPE = YES_ERROR;
				GCC_WARN_UNDECLARED_SELECTOR = YES;
				GCC_WARN_UNINITIALIZED_AUTOS = YES_AGGRESSIVE;
				GCC_WARN_UNUSED_FUNCTION = YES;
				GCC_WARN_UNUSED_VARIABLE = YES;
				IPHONEOS_DEPLOYMENT_TARGET = 17.2;
				LOCALIZATION_PREFERS_STRING_CATALOGS = YES;
				MTL_ENABLE_DEBUG_INFO = NO;
				MTL_FAST_MATH = YES;
				SDKROOT = iphoneos;
				SWIFT_COMPILATION_MODE = wholemodule;
				VALIDATE_PRODUCT = YES;
			};
			name = Release;
		};
		423D5AE42B8B3681003ACF81 /* Debug */ = {
			isa = XCBuildConfiguration;
			buildSettings = {
				ASSETCATALOG_COMPILER_APPICON_NAME = AppIcon;
				ASSETCATALOG_COMPILER_GLOBAL_ACCENT_COLOR_NAME = AccentColor;
				CODE_SIGN_STYLE = Automatic;
				CURRENT_PROJECT_VERSION = 1;
				DEVELOPMENT_ASSET_PATHS = "\"WeatherApp/Preview Content\"";
				ENABLE_PREVIEWS = YES;
				GENERATE_INFOPLIST_FILE = YES;
				INFOPLIST_KEY_LSApplicationCategoryType = "public.app-category.weather";
				INFOPLIST_KEY_UIApplicationSceneManifest_Generation = YES;
				INFOPLIST_KEY_UIApplicationSupportsIndirectInputEvents = YES;
				INFOPLIST_KEY_UILaunchScreen_Generation = YES;
				INFOPLIST_KEY_UISupportedInterfaceOrientations_iPad = "UIInterfaceOrientationPortrait UIInterfaceOrientationPortraitUpsideDown UIInterfaceOrientationLandscapeLeft UIInterfaceOrientationLandscapeRight";
				INFOPLIST_KEY_UISupportedInterfaceOrientations_iPhone = "UIInterfaceOrientationPortrait UIInterfaceOrientationLandscapeLeft UIInterfaceOrientationLandscapeRight";
				LD_RUNPATH_SEARCH_PATHS = (
					"$(inherited)",
					"@executable_path/Frameworks",
				);
				MARKETING_VERSION = 1.0;
				PRODUCT_BUNDLE_IDENTIFIER = co.nitin.WeatherApp;
				PRODUCT_NAME = "$(TARGET_NAME)";
				SWIFT_EMIT_LOC_STRINGS = YES;
				SWIFT_VERSION = 5.0;
				TARGETED_DEVICE_FAMILY = "1,2";
			};
			name = Debug;
		};
		423D5AE52B8B3681003ACF81 /* Release */ = {
			isa = XCBuildConfiguration;
			buildSettings = {
				ASSETCATALOG_COMPILER_APPICON_NAME = AppIcon;
				ASSETCATALOG_COMPILER_GLOBAL_ACCENT_COLOR_NAME = AccentColor;
				CODE_SIGN_STYLE = Automatic;
				CURRENT_PROJECT_VERSION = 1;
				DEVELOPMENT_ASSET_PATHS = "\"WeatherApp/Preview Content\"";
				ENABLE_PREVIEWS = YES;
				GENERATE_INFOPLIST_FILE = YES;
				INFOPLIST_KEY_LSApplicationCategoryType = "public.app-category.weather";
				INFOPLIST_KEY_UIApplicationSceneManifest_Generation = YES;
				INFOPLIST_KEY_UIApplicationSupportsIndirectInputEvents = YES;
				INFOPLIST_KEY_UILaunchScreen_Generation = YES;
				INFOPLIST_KEY_UISupportedInterfaceOrientations_iPad = "UIInterfaceOrientationPortrait UIInterfaceOrientationPortraitUpsideDown UIInterfaceOrientationLandscapeLeft UIInterfaceOrientationLandscapeRight";
				INFOPLIST_KEY_UISupportedInterfaceOrientations_iPhone = "UIInterfaceOrientationPortrait UIInterfaceOrientationLandscapeLeft UIInterfaceOrientationLandscapeRight";
				LD_RUNPATH_SEARCH_PATHS = (
					"$(inherited)",
					"@executable_path/Frameworks",
				);
				MARKETING_VERSION = 1.0;
				PRODUCT_BUNDLE_IDENTIFIER = co.nitin.WeatherApp;
				PRODUCT_NAME = "$(TARGET_NAME)";
				SWIFT_EMIT_LOC_STRINGS = YES;
				SWIFT_VERSION = 5.0;
				TARGETED_DEVICE_FAMILY = "1,2";
			};
			name = Release;
		};
		423D5AE72B8B3681003ACF81 /* Debug */ = {
			isa = XCBuildConfiguration;
			buildSettings = {
				ALWAYS_EMBED_SWIFT_STANDARD_LIBRARIES = YES;
				BUNDLE_LOADER = "$(TEST_HOST)";
				CODE_SIGN_STYLE = Automatic;
				CURRENT_PROJECT_VERSION = 1;
				GENERATE_INFOPLIST_FILE = YES;
				IPHONEOS_DEPLOYMENT_TARGET = 17.2;
				MARKETING_VERSION = 1.0;
				PRODUCT_BUNDLE_IDENTIFIER = co.nitin.WeatherAppTests;
				PRODUCT_NAME = "$(TARGET_NAME)";
				SWIFT_EMIT_LOC_STRINGS = NO;
				SWIFT_VERSION = 5.0;
				TARGETED_DEVICE_FAMILY = "1,2";
				TEST_HOST = "$(BUILT_PRODUCTS_DIR)/WeatherApp.app/$(BUNDLE_EXECUTABLE_FOLDER_PATH)/WeatherApp";
			};
			name = Debug;
		};
		423D5AE82B8B3681003ACF81 /* Release */ = {
			isa = XCBuildConfiguration;
			buildSettings = {
				ALWAYS_EMBED_SWIFT_STANDARD_LIBRARIES = YES;
				BUNDLE_LOADER = "$(TEST_HOST)";
				CODE_SIGN_STYLE = Automatic;
				CURRENT_PROJECT_VERSION = 1;
				GENERATE_INFOPLIST_FILE = YES;
				IPHONEOS_DEPLOYMENT_TARGET = 17.2;
				MARKETING_VERSION = 1.0;
				PRODUCT_BUNDLE_IDENTIFIER = co.nitin.WeatherAppTests;
				PRODUCT_NAME = "$(TARGET_NAME)";
				SWIFT_EMIT_LOC_STRINGS = NO;
				SWIFT_VERSION = 5.0;
				TARGETED_DEVICE_FAMILY = "1,2";
				TEST_HOST = "$(BUILT_PRODUCTS_DIR)/WeatherApp.app/$(BUNDLE_EXECUTABLE_FOLDER_PATH)/WeatherApp";
			};
			name = Release;
		};
		423D5AEA2B8B3681003ACF81 /* Debug */ = {
			isa = XCBuildConfiguration;
			buildSettings = {
				ALWAYS_EMBED_SWIFT_STANDARD_LIBRARIES = YES;
				CODE_SIGN_STYLE = Automatic;
				CURRENT_PROJECT_VERSION = 1;
				GENERATE_INFOPLIST_FILE = YES;
				MARKETING_VERSION = 1.0;
				PRODUCT_BUNDLE_IDENTIFIER = co.nitin.WeatherAppUITests;
				PRODUCT_NAME = "$(TARGET_NAME)";
				SWIFT_EMIT_LOC_STRINGS = NO;
				SWIFT_VERSION = 5.0;
				TARGETED_DEVICE_FAMILY = "1,2";
				TEST_TARGET_NAME = WeatherApp;
			};
			name = Debug;
		};
		423D5AEB2B8B3681003ACF81 /* Release */ = {
			isa = XCBuildConfiguration;
			buildSettings = {
				ALWAYS_EMBED_SWIFT_STANDARD_LIBRARIES = YES;
				CODE_SIGN_STYLE = Automatic;
				CURRENT_PROJECT_VERSION = 1;
				GENERATE_INFOPLIST_FILE = YES;
				MARKETING_VERSION = 1.0;
				PRODUCT_BUNDLE_IDENTIFIER = co.nitin.WeatherAppUITests;
				PRODUCT_NAME = "$(TARGET_NAME)";
				SWIFT_EMIT_LOC_STRINGS = NO;
				SWIFT_VERSION = 5.0;
				TARGETED_DEVICE_FAMILY = "1,2";
				TEST_TARGET_NAME = WeatherApp;
			};
			name = Release;
		};
/* End XCBuildConfiguration section */

/* Begin XCConfigurationList section */
		423D5ABA2B8B367F003ACF81 /* Build configuration list for PBXProject "WeatherApp" */ = {
			isa = XCConfigurationList;
			buildConfigurations = (
				423D5AE12B8B3681003ACF81 /* Debug */,
				423D5AE22B8B3681003ACF81 /* Release */,
			);
			defaultConfigurationIsVisible = 0;
			defaultConfigurationName = Release;
		};
		423D5AE32B8B3681003ACF81 /* Build configuration list for PBXNativeTarget "WeatherApp" */ = {
			isa = XCConfigurationList;
			buildConfigurations = (
				423D5AE42B8B3681003ACF81 /* Debug */,
				423D5AE52B8B3681003ACF81 /* Release */,
			);
			defaultConfigurationIsVisible = 0;
			defaultConfigurationName = Release;
		};
		423D5AE62B8B3681003ACF81 /* Build configuration list for PBXNativeTarget "WeatherAppTests" */ = {
			isa = XCConfigurationList;
			buildConfigurations = (
				423D5AE72B8B3681003ACF81 /* Debug */,
				423D5AE82B8B3681003ACF81 /* Release */,
			);
			defaultConfigurationIsVisible = 0;
			defaultConfigurationName = Release;
		};
		423D5AE92B8B3681003ACF81 /* Build configuration list for PBXNativeTarget "WeatherAppUITests" */ = {
			isa = XCConfigurationList;
			buildConfigurations = (
				423D5AEA2B8B3681003ACF81 /* Debug */,
				423D5AEB2B8B3681003ACF81 /* Release */,
			);
			defaultConfigurationIsVisible = 0;
			defaultConfigurationName = Release;
		};
/* End XCConfigurationList section */
	};
	rootObject = 423D5AB72B8B367F003ACF81 /* Project object */;
}
